
Microsoft Visual Studio Solution File, Format Version 12.00
# Visual Studio Version 17
VisualStudioVersion = 17.2.32630.192
MinimumVisualStudioVersion = 10.0.40219.1
Project("{2150E333-8FDC-42A3-9474-1A3956D46DE8}") = "Services", "Services", "{31491B1D-CDAD-4FC0-8F0A-C8BBD7E25065}"
EndProject
Project("{2150E333-8FDC-42A3-9474-1A3956D46DE8}") = "Chat", "Chat", "{D3878518-0A35-41B8-986F-97E54B5A82F4}"
EndProject
Project("{2150E333-8FDC-42A3-9474-1A3956D46DE8}") = "Product", "Product", "{4052AB9F-05A8-4324-A490-3F4D08FB5A85}"
EndProject
Project("{2150E333-8FDC-42A3-9474-1A3956D46DE8}") = "Basket", "Basket", "{7AAA21E3-BDBA-456E-A3E2-10E1CCCD4792}"
EndProject
Project("{2150E333-8FDC-42A3-9474-1A3956D46DE8}") = "Catalog", "Catalog", "{DB8C586C-FBF7-4F02-9237-ED29B519B4BD}"
EndProject
Project("{2150E333-8FDC-42A3-9474-1A3956D46DE8}") = "Discount", "Discount", "{DE3CA088-2CFF-45F6-AA75-CE6663FE0EB9}"
EndProject
Project("{2150E333-8FDC-42A3-9474-1A3956D46DE8}") = "Ordering", "Ordering", "{3A1E8B69-37F8-421A-BC6A-85A8DCABAE5D}"
EndProject
Project("{2150E333-8FDC-42A3-9474-1A3956D46DE8}") = "BuildingBlocks", "BuildingBlocks", "{B290C4F3-E171-497F-9F97-8403CBFD9EA4}"
EndProject
Project("{E53339B2-1760-4266-BCC7-CA923CBCF16C}") = "docker-compose", "docker-compose.dcproj", "{6FA69775-10BA-4DA7-BC98-0B4EBFDDC343}"
EndProject
Project("{2150E333-8FDC-42A3-9474-1A3956D46DE8}") = "ApiGateways", "ApiGateways", "{265BD1AA-7A33-48BF-93E6-2B9ECE346B01}"
EndProject
Project("{2150E333-8FDC-42A3-9474-1A3956D46DE8}") = "Identity", "Identity", "{D3D76C7C-100C-4D9E-8925-124DC050341A}"
EndProject
Project("{9A19103F-16F7-4668-BE54-9A1E7A4F7556}") = "EventBus.Message", "BuildingBlocks\EventBus.Message\EventBus.Message.csproj", "{AD6E3283-529B-4D77-8EC3-93093D19917C}"
EndProject
Project("{9A19103F-16F7-4668-BE54-9A1E7A4F7556}") = "Chat.API", "Services\Chat\Chat.API\Chat.API.csproj", "{D6A2AA48-F2E6-497E-B4F7-6231E32F9894}"
EndProject
Project("{9A19103F-16F7-4668-BE54-9A1E7A4F7556}") = "Chat.Application", "Services\Chat\Chat.Application\Chat.Application.csproj", "{9BE69EF4-35BE-4102-9176-12E3FE4911FE}"
EndProject
Project("{9A19103F-16F7-4668-BE54-9A1E7A4F7556}") = "Chat.Domain", "Services\Chat\Chat.Domain\Chat.Domain.csproj", "{2B936EA1-15D9-43EC-86B9-BBEABF309988}"
EndProject
Project("{9A19103F-16F7-4668-BE54-9A1E7A4F7556}") = "Identity.Api", "Services\Identity\Identity.Api\Identity.Api.csproj", "{4C223F1D-9FCA-4461-AD25-0318CC534D8C}"
EndProject
Project("{9A19103F-16F7-4668-BE54-9A1E7A4F7556}") = "Basket.Api", "Services\Product\Basket\Basket.Api\Basket.Api.csproj", "{17E60F7E-A39A-4461-B517-904546543AA7}"
EndProject
Project("{9A19103F-16F7-4668-BE54-9A1E7A4F7556}") = "Catalog.Api", "Services\Product\Catalog\Catalog.Api\Catalog.Api.csproj", "{537C56EC-3C81-4658-8DA4-0160DFAF69C0}"
EndProject
Project("{9A19103F-16F7-4668-BE54-9A1E7A4F7556}") = "Discount.Grpc", "Services\Product\Discount\Discount.Grpc\Discount.Grpc.csproj", "{1121E2DC-1EFA-4961-B2EF-8A142A2BFE7C}"
EndProject
Project("{9A19103F-16F7-4668-BE54-9A1E7A4F7556}") = "Ordering.Api", "Services\Product\Ordering\Ordering.Api\Ordering.Api.csproj", "{A7FD1389-04EF-4433-9F6B-C61EAC701CCB}"
EndProject
Project("{9A19103F-16F7-4668-BE54-9A1E7A4F7556}") = "Ordering.Applicaion", "Services\Product\Ordering\Ordering.Applicaion\Ordering.Applicaion.csproj", "{5FBEEEDB-F943-42DE-B3A5-2E953B086386}"
EndProject
Project("{9A19103F-16F7-4668-BE54-9A1E7A4F7556}") = "Ordering.Domain", "Services\Product\Ordering\Ordering.Domain\Ordering.Domain.csproj", "{990F362D-56FF-4EB9-AC93-D97414B2E967}"
EndProject
Project("{9A19103F-16F7-4668-BE54-9A1E7A4F7556}") = "Ordering.Infrastructure", "Services\Product\Ordering\Ordering.Infrastructure\Ordering.Infrastructure.csproj", "{167FB2C2-130D-43BB-B946-E516FA78A8FD}"
EndProject
Project("{9A19103F-16F7-4668-BE54-9A1E7A4F7556}") = "Identity.Domain", "Services\Identity\Identity.Domain\Identity.Domain.csproj", "{0C67FA45-710D-4B0E-8A33-9C3BABA7613A}"
EndProject
Project("{9A19103F-16F7-4668-BE54-9A1E7A4F7556}") = "Identity.Infrastructure", "Services\Identity\Identity.Infrastructure\Identity.Infrastructure.csproj", "{E9C88153-B0AA-4EB0-8964-59716DB71BEB}"
EndProject
Project("{9A19103F-16F7-4668-BE54-9A1E7A4F7556}") = "Identity.Application", "Services\Identity\Identity.Application\Identity.Application.csproj", "{B6CAE783-64D5-4574-A859-6E096311827F}"
EndProject
Project("{9A19103F-16F7-4668-BE54-9A1E7A4F7556}") = "Common.Services", "BuildingBlocks\Common.Services\Common.Services.csproj", "{12F96396-5F17-4F72-9391-394EAFD73C66}"
EndProject
Project("{2150E333-8FDC-42A3-9474-1A3956D46DE8}") = "PWA", "PWA", "{11F7C98D-8C0E-4081-BD3F-2F7428055193}"
	ProjectSection(SolutionItems) = preProject
		ReadMe.txt = ReadMe.txt
	EndProjectSection
EndProject
Project("{2150E333-8FDC-42A3-9474-1A3956D46DE8}") = "Solution Items", "Solution Items", "{3F23A09A-034D-400D-8664-D27BC9B3A5BB}"
	ProjectSection(SolutionItems) = preProject
		floatingbtn.css = floatingbtn.css
		C:\Users\hassan\AppData\Local\Temp\Rar$DRa17816.33269\Sidebar Menu - Dark Light Mode\index.html = C:\Users\hassan\AppData\Local\Temp\Rar$DRa17816.33269\Sidebar Menu - Dark Light Mode\index.html
		jh.html = jh.html
		C:\Users\hassan\AppData\Local\Temp\Rar$DRa17816.33269\Sidebar Menu - Dark Light Mode\logo.png = C:\Users\hassan\AppData\Local\Temp\Rar$DRa17816.33269\Sidebar Menu - Dark Light Mode\logo.png
		C:\Users\hassan\AppData\Local\Temp\Rar$DRa17816.33269\Sidebar Menu - Dark Light Mode\script.js = C:\Users\hassan\AppData\Local\Temp\Rar$DRa17816.33269\Sidebar Menu - Dark Light Mode\script.js
		C:\Users\hassan\AppData\Local\Temp\Rar$DRa17816.33269\Sidebar Menu - Dark Light Mode\style.css = C:\Users\hassan\AppData\Local\Temp\Rar$DRa17816.33269\Sidebar Menu - Dark Light Mode\style.css
	EndProjectSection
EndProject
Project("{9A19103F-16F7-4668-BE54-9A1E7A4F7556}") = "WebAppApiGW", "ApiGateways\WebAppApiGW\WebAppApiGW.csproj", "{C6B828D7-9044-4A16-A414-0CFB884FA7BD}"
EndProject
Project("{9A19103F-16F7-4668-BE54-9A1E7A4F7556}") = "Application.WASM", "PWA\Application.WASM\Application.WASM.csproj", "{5AA72BC5-9367-41C1-924B-C9FB2254727E}"
EndProject
Project("{9A19103F-16F7-4668-BE54-9A1E7A4F7556}") = "Common.Logging", "Common.Logging\Common.Logging.csproj", "{C3B020EA-1783-4C4B-8D2B-388E583127A0}"
EndProject
Project("{9A19103F-16F7-4668-BE54-9A1E7A4F7556}") = "Chat.Infrastructure", "Services\Chat\Chat.Infrastructure\Chat.Infrastructure.csproj", "{B76854F3-D7A2-4181-BF8B-FAAAF5F2E3B8}"
EndProject
Project("{2150E333-8FDC-42A3-9474-1A3956D46DE8}") = "FlutterEndPoint", "FlutterEndPoint", "{02062034-638F-4B78-A276-7E905EFD8807}"
EndProject
Global
	GlobalSection(SolutionConfigurationPlatforms) = preSolution
		Debug|Any CPU = Debug|Any CPU
		Release|Any CPU = Release|Any CPU
	EndGlobalSection
	GlobalSection(ProjectConfigurationPlatforms) = postSolution
		{6FA69775-10BA-4DA7-BC98-0B4EBFDDC343}.Debug|Any CPU.ActiveCfg = Debug|Any CPU
		{6FA69775-10BA-4DA7-BC98-0B4EBFDDC343}.Debug|Any CPU.Build.0 = Debug|Any CPU
		{6FA69775-10BA-4DA7-BC98-0B4EBFDDC343}.Release|Any CPU.ActiveCfg = Release|Any CPU
		{6FA69775-10BA-4DA7-BC98-0B4EBFDDC343}.Release|Any CPU.Build.0 = Release|Any CPU
		{AD6E3283-529B-4D77-8EC3-93093D19917C}.Debug|Any CPU.ActiveCfg = Debug|Any CPU
		{AD6E3283-529B-4D77-8EC3-93093D19917C}.Debug|Any CPU.Build.0 = Debug|Any CPU
		{AD6E3283-529B-4D77-8EC3-93093D19917C}.Release|Any CPU.ActiveCfg = Release|Any CPU
		{AD6E3283-529B-4D77-8EC3-93093D19917C}.Release|Any CPU.Build.0 = Release|Any CPU
		{D6A2AA48-F2E6-497E-B4F7-6231E32F9894}.Debug|Any CPU.ActiveCfg = Debug|Any CPU
		{D6A2AA48-F2E6-497E-B4F7-6231E32F9894}.Debug|Any CPU.Build.0 = Debug|Any CPU
		{D6A2AA48-F2E6-497E-B4F7-6231E32F9894}.Release|Any CPU.ActiveCfg = Release|Any CPU
		{D6A2AA48-F2E6-497E-B4F7-6231E32F9894}.Release|Any CPU.Build.0 = Release|Any CPU
		{9BE69EF4-35BE-4102-9176-12E3FE4911FE}.Debug|Any CPU.ActiveCfg = Debug|Any CPU
		{9BE69EF4-35BE-4102-9176-12E3FE4911FE}.Debug|Any CPU.Build.0 = Debug|Any CPU
		{9BE69EF4-35BE-4102-9176-12E3FE4911FE}.Release|Any CPU.ActiveCfg = Release|Any CPU
		{9BE69EF4-35BE-4102-9176-12E3FE4911FE}.Release|Any CPU.Build.0 = Release|Any CPU
		{2B936EA1-15D9-43EC-86B9-BBEABF309988}.Debug|Any CPU.ActiveCfg = Debug|Any CPU
		{2B936EA1-15D9-43EC-86B9-BBEABF309988}.Debug|Any CPU.Build.0 = Debug|Any CPU
		{2B936EA1-15D9-43EC-86B9-BBEABF309988}.Release|Any CPU.ActiveCfg = Release|Any CPU
		{2B936EA1-15D9-43EC-86B9-BBEABF309988}.Release|Any CPU.Build.0 = Release|Any CPU
		{4C223F1D-9FCA-4461-AD25-0318CC534D8C}.Debug|Any CPU.ActiveCfg = Debug|Any CPU
		{4C223F1D-9FCA-4461-AD25-0318CC534D8C}.Debug|Any CPU.Build.0 = Debug|Any CPU
		{4C223F1D-9FCA-4461-AD25-0318CC534D8C}.Release|Any CPU.ActiveCfg = Release|Any CPU
		{4C223F1D-9FCA-4461-AD25-0318CC534D8C}.Release|Any CPU.Build.0 = Release|Any CPU
		{17E60F7E-A39A-4461-B517-904546543AA7}.Debug|Any CPU.ActiveCfg = Debug|Any CPU
		{17E60F7E-A39A-4461-B517-904546543AA7}.Debug|Any CPU.Build.0 = Debug|Any CPU
		{17E60F7E-A39A-4461-B517-904546543AA7}.Release|Any CPU.ActiveCfg = Release|Any CPU
		{17E60F7E-A39A-4461-B517-904546543AA7}.Release|Any CPU.Build.0 = Release|Any CPU
		{537C56EC-3C81-4658-8DA4-0160DFAF69C0}.Debug|Any CPU.ActiveCfg = Debug|Any CPU
		{537C56EC-3C81-4658-8DA4-0160DFAF69C0}.Debug|Any CPU.Build.0 = Debug|Any CPU
		{537C56EC-3C81-4658-8DA4-0160DFAF69C0}.Release|Any CPU.ActiveCfg = Release|Any CPU
		{537C56EC-3C81-4658-8DA4-0160DFAF69C0}.Release|Any CPU.Build.0 = Release|Any CPU
		{1121E2DC-1EFA-4961-B2EF-8A142A2BFE7C}.Debug|Any CPU.ActiveCfg = Debug|Any CPU
		{1121E2DC-1EFA-4961-B2EF-8A142A2BFE7C}.Debug|Any CPU.Build.0 = Debug|Any CPU
		{1121E2DC-1EFA-4961-B2EF-8A142A2BFE7C}.Release|Any CPU.ActiveCfg = Release|Any CPU
		{1121E2DC-1EFA-4961-B2EF-8A142A2BFE7C}.Release|Any CPU.Build.0 = Release|Any CPU
		{A7FD1389-04EF-4433-9F6B-C61EAC701CCB}.Debug|Any CPU.ActiveCfg = Debug|Any CPU
		{A7FD1389-04EF-4433-9F6B-C61EAC701CCB}.Debug|Any CPU.Build.0 = Debug|Any CPU
		{A7FD1389-04EF-4433-9F6B-C61EAC701CCB}.Release|Any CPU.ActiveCfg = Release|Any CPU
		{A7FD1389-04EF-4433-9F6B-C61EAC701CCB}.Release|Any CPU.Build.0 = Release|Any CPU
		{5FBEEEDB-F943-42DE-B3A5-2E953B086386}.Debug|Any CPU.ActiveCfg = Debug|Any CPU
		{5FBEEEDB-F943-42DE-B3A5-2E953B086386}.Debug|Any CPU.Build.0 = Debug|Any CPU
		{5FBEEEDB-F943-42DE-B3A5-2E953B086386}.Release|Any CPU.ActiveCfg = Release|Any CPU
		{5FBEEEDB-F943-42DE-B3A5-2E953B086386}.Release|Any CPU.Build.0 = Release|Any CPU
		{990F362D-56FF-4EB9-AC93-D97414B2E967}.Debug|Any CPU.ActiveCfg = Debug|Any CPU
		{990F362D-56FF-4EB9-AC93-D97414B2E967}.Debug|Any CPU.Build.0 = Debug|Any CPU
		{990F362D-56FF-4EB9-AC93-D97414B2E967}.Release|Any CPU.ActiveCfg = Release|Any CPU
		{990F362D-56FF-4EB9-AC93-D97414B2E967}.Release|Any CPU.Build.0 = Release|Any CPU
		{167FB2C2-130D-43BB-B946-E516FA78A8FD}.Debug|Any CPU.ActiveCfg = Debug|Any CPU
		{167FB2C2-130D-43BB-B946-E516FA78A8FD}.Debug|Any CPU.Build.0 = Debug|Any CPU
		{167FB2C2-130D-43BB-B946-E516FA78A8FD}.Release|Any CPU.ActiveCfg = Release|Any CPU
		{167FB2C2-130D-43BB-B946-E516FA78A8FD}.Release|Any CPU.Build.0 = Release|Any CPU
		{0C67FA45-710D-4B0E-8A33-9C3BABA7613A}.Debug|Any CPU.ActiveCfg = Debug|Any CPU
		{0C67FA45-710D-4B0E-8A33-9C3BABA7613A}.Debug|Any CPU.Build.0 = Debug|Any CPU
		{0C67FA45-710D-4B0E-8A33-9C3BABA7613A}.Release|Any CPU.ActiveCfg = Release|Any CPU
		{0C67FA45-710D-4B0E-8A33-9C3BABA7613A}.Release|Any CPU.Build.0 = Release|Any CPU
		{E9C88153-B0AA-4EB0-8964-59716DB71BEB}.Debug|Any CPU.ActiveCfg = Debug|Any CPU
		{E9C88153-B0AA-4EB0-8964-59716DB71BEB}.Debug|Any CPU.Build.0 = Debug|Any CPU
		{E9C88153-B0AA-4EB0-8964-59716DB71BEB}.Release|Any CPU.ActiveCfg = Release|Any CPU
		{E9C88153-B0AA-4EB0-8964-59716DB71BEB}.Release|Any CPU.Build.0 = Release|Any CPU
		{B6CAE783-64D5-4574-A859-6E096311827F}.Debug|Any CPU.ActiveCfg = Debug|Any CPU
		{B6CAE783-64D5-4574-A859-6E096311827F}.Debug|Any CPU.Build.0 = Debug|Any CPU
		{B6CAE783-64D5-4574-A859-6E096311827F}.Release|Any CPU.ActiveCfg = Release|Any CPU
		{B6CAE783-64D5-4574-A859-6E096311827F}.Release|Any CPU.Build.0 = Release|Any CPU
		{12F96396-5F17-4F72-9391-394EAFD73C66}.Debug|Any CPU.ActiveCfg = Debug|Any CPU
		{12F96396-5F17-4F72-9391-394EAFD73C66}.Debug|Any CPU.Build.0 = Debug|Any CPU
		{12F96396-5F17-4F72-9391-394EAFD73C66}.Release|Any CPU.ActiveCfg = Release|Any CPU
		{12F96396-5F17-4F72-9391-394EAFD73C66}.Release|Any CPU.Build.0 = Release|Any CPU
		{C6B828D7-9044-4A16-A414-0CFB884FA7BD}.Debug|Any CPU.ActiveCfg = Debug|Any CPU
		{C6B828D7-9044-4A16-A414-0CFB884FA7BD}.Debug|Any CPU.Build.0 = Debug|Any CPU
		{C6B828D7-9044-4A16-A414-0CFB884FA7BD}.Release|Any CPU.ActiveCfg = Release|Any CPU
		{C6B828D7-9044-4A16-A414-0CFB884FA7BD}.Release|Any CPU.Build.0 = Release|Any CPU
		{5AA72BC5-9367-41C1-924B-C9FB2254727E}.Debug|Any CPU.ActiveCfg = Debug|Any CPU
		{5AA72BC5-9367-41C1-924B-C9FB2254727E}.Debug|Any CPU.Build.0 = Debug|Any CPU
		{5AA72BC5-9367-41C1-924B-C9FB2254727E}.Release|Any CPU.ActiveCfg = Release|Any CPU
		{5AA72BC5-9367-41C1-924B-C9FB2254727E}.Release|Any CPU.Build.0 = Release|Any CPU
		{C3B020EA-1783-4C4B-8D2B-388E583127A0}.Debug|Any CPU.ActiveCfg = Debug|Any CPU
		{C3B020EA-1783-4C4B-8D2B-388E583127A0}.Debug|Any CPU.Build.0 = Debug|Any CPU
		{C3B020EA-1783-4C4B-8D2B-388E583127A0}.Release|Any CPU.ActiveCfg = Release|Any CPU
		{C3B020EA-1783-4C4B-8D2B-388E583127A0}.Release|Any CPU.Build.0 = Release|Any CPU
		{B76854F3-D7A2-4181-BF8B-FAAAF5F2E3B8}.Debug|Any CPU.ActiveCfg = Debug|Any CPU
		{B76854F3-D7A2-4181-BF8B-FAAAF5F2E3B8}.Debug|Any CPU.Build.0 = Debug|Any CPU
		{B76854F3-D7A2-4181-BF8B-FAAAF5F2E3B8}.Release|Any CPU.ActiveCfg = Release|Any CPU
		{B76854F3-D7A2-4181-BF8B-FAAAF5F2E3B8}.Release|Any CPU.Build.0 = Release|Any CPU
	EndGlobalSection
	GlobalSection(SolutionProperties) = preSolution
		HideSolutionNode = FALSE
	EndGlobalSection
	GlobalSection(NestedProjects) = preSolution
		{D3878518-0A35-41B8-986F-97E54B5A82F4} = {31491B1D-CDAD-4FC0-8F0A-C8BBD7E25065}
		{4052AB9F-05A8-4324-A490-3F4D08FB5A85} = {31491B1D-CDAD-4FC0-8F0A-C8BBD7E25065}
		{7AAA21E3-BDBA-456E-A3E2-10E1CCCD4792} = {4052AB9F-05A8-4324-A490-3F4D08FB5A85}
		{DB8C586C-FBF7-4F02-9237-ED29B519B4BD} = {4052AB9F-05A8-4324-A490-3F4D08FB5A85}
		{DE3CA088-2CFF-45F6-AA75-CE6663FE0EB9} = {4052AB9F-05A8-4324-A490-3F4D08FB5A85}
		{3A1E8B69-37F8-421A-BC6A-85A8DCABAE5D} = {4052AB9F-05A8-4324-A490-3F4D08FB5A85}
		{D3D76C7C-100C-4D9E-8925-124DC050341A} = {31491B1D-CDAD-4FC0-8F0A-C8BBD7E25065}
		{AD6E3283-529B-4D77-8EC3-93093D19917C} = {B290C4F3-E171-497F-9F97-8403CBFD9EA4}
		{D6A2AA48-F2E6-497E-B4F7-6231E32F9894} = {D3878518-0A35-41B8-986F-97E54B5A82F4}
		{9BE69EF4-35BE-4102-9176-12E3FE4911FE} = {D3878518-0A35-41B8-986F-97E54B5A82F4}
		{2B936EA1-15D9-43EC-86B9-BBEABF309988} = {D3878518-0A35-41B8-986F-97E54B5A82F4}
		{4C223F1D-9FCA-4461-AD25-0318CC534D8C} = {D3D76C7C-100C-4D9E-8925-124DC050341A}
		{17E60F7E-A39A-4461-B517-904546543AA7} = {7AAA21E3-BDBA-456E-A3E2-10E1CCCD4792}
		{537C56EC-3C81-4658-8DA4-0160DFAF69C0} = {DB8C586C-FBF7-4F02-9237-ED29B519B4BD}
		{1121E2DC-1EFA-4961-B2EF-8A142A2BFE7C} = {DE3CA088-2CFF-45F6-AA75-CE6663FE0EB9}
		{A7FD1389-04EF-4433-9F6B-C61EAC701CCB} = {3A1E8B69-37F8-421A-BC6A-85A8DCABAE5D}
		{5FBEEEDB-F943-42DE-B3A5-2E953B086386} = {3A1E8B69-37F8-421A-BC6A-85A8DCABAE5D}
		{990F362D-56FF-4EB9-AC93-D97414B2E967} = {3A1E8B69-37F8-421A-BC6A-85A8DCABAE5D}
		{167FB2C2-130D-43BB-B946-E516FA78A8FD} = {3A1E8B69-37F8-421A-BC6A-85A8DCABAE5D}
		{0C67FA45-710D-4B0E-8A33-9C3BABA7613A} = {D3D76C7C-100C-4D9E-8925-124DC050341A}
		{E9C88153-B0AA-4EB0-8964-59716DB71BEB} = {D3D76C7C-100C-4D9E-8925-124DC050341A}
		{B6CAE783-64D5-4574-A859-6E096311827F} = {D3D76C7C-100C-4D9E-8925-124DC050341A}
		{12F96396-5F17-4F72-9391-394EAFD73C66} = {B290C4F3-E171-497F-9F97-8403CBFD9EA4}
		{C6B828D7-9044-4A16-A414-0CFB884FA7BD} = {265BD1AA-7A33-48BF-93E6-2B9ECE346B01}
		{5AA72BC5-9367-41C1-924B-C9FB2254727E} = {11F7C98D-8C0E-4081-BD3F-2F7428055193}
		{C3B020EA-1783-4C4B-8D2B-388E583127A0} = {B290C4F3-E171-497F-9F97-8403CBFD9EA4}
		{B76854F3-D7A2-4181-BF8B-FAAAF5F2E3B8} = {D3878518-0A35-41B8-986F-97E54B5A82F4}
	EndGlobalSection
	GlobalSection(ExtensibilityGlobals) = postSolution
		SolutionGuid = {31979013-196E-4C95-8C36-C348A8A59F32}
	EndGlobalSection
EndGlobal
